{
  "version": 4,
  "terraform_version": "1.9.5",
  "serial": 4,
  "lineage": "546afc98-6a08-c67d-c9a6-32381584e63f",
  "outputs": {},
  "resources": [
    {
      "module": "module.lambda",
      "mode": "data",
      "type": "aws_caller_identity",
      "name": "current",
      "provider": "provider[\"registry.terraform.io/hashicorp/aws\"]",
      "instances": [
        {
          "schema_version": 0,
          "attributes": {
            "account_id": "110597261937",
            "arn": "arn:aws:sts::110597261937:assumed-role/AWSReservedSSO_AdministratorAccess_114d8fd138514f08/amitha",
            "id": "110597261937",
            "user_id": "AROARTQA4JJYZTKTJVA6U:amitha"
          },
          "sensitive_attributes": []
        }
      ]
    },
    {
      "module": "module.lambda.module.lambda_deployment",
      "mode": "data",
      "type": "aws_caller_identity",
      "name": "current",
      "provider": "provider[\"registry.terraform.io/hashicorp/aws\"]",
      "instances": [
        {
          "schema_version": 0,
          "attributes": {
            "account_id": "110597261937",
            "arn": "arn:aws:sts::110597261937:assumed-role/AWSReservedSSO_AdministratorAccess_114d8fd138514f08/amitha",
            "id": "110597261937",
            "user_id": "AROARTQA4JJYZTKTJVA6U:amitha"
          },
          "sensitive_attributes": []
        }
      ]
    },
    {
      "module": "module.lambda.module.lambda_deployment",
      "mode": "data",
      "type": "aws_iam_policy_document",
      "name": "assume_role",
      "provider": "provider[\"registry.terraform.io/hashicorp/aws\"]",
      "instances": [
        {
          "index_key": 0,
          "schema_version": 0,
          "attributes": {
            "id": "2690255455",
            "json": "{\n  \"Version\": \"2012-10-17\",\n  \"Statement\": [\n    {\n      \"Effect\": \"Allow\",\n      \"Action\": \"sts:AssumeRole\",\n      \"Principal\": {\n        \"Service\": \"lambda.amazonaws.com\"\n      }\n    }\n  ]\n}",
            "minified_json": "{\"Version\":\"2012-10-17\",\"Statement\":[{\"Effect\":\"Allow\",\"Action\":\"sts:AssumeRole\",\"Principal\":{\"Service\":\"lambda.amazonaws.com\"}}]}",
            "override_json": null,
            "override_policy_documents": null,
            "policy_id": null,
            "source_json": null,
            "source_policy_documents": null,
            "statement": [
              {
                "actions": [
                  "sts:AssumeRole"
                ],
                "condition": [],
                "effect": "Allow",
                "not_actions": [],
                "not_principals": [],
                "not_resources": [],
                "principals": [
                  {
                    "identifiers": [
                      "lambda.amazonaws.com"
                    ],
                    "type": "Service"
                  }
                ],
                "resources": [],
                "sid": ""
              }
            ],
            "version": "2012-10-17"
          },
          "sensitive_attributes": []
        }
      ]
    },
    {
      "module": "module.lambda.module.lambda_deployment",
      "mode": "data",
      "type": "aws_partition",
      "name": "current",
      "provider": "provider[\"registry.terraform.io/hashicorp/aws\"]",
      "instances": [
        {
          "schema_version": 0,
          "attributes": {
            "dns_suffix": "amazonaws.com",
            "id": "aws",
            "partition": "aws",
            "reverse_dns_prefix": "com.amazonaws"
          },
          "sensitive_attributes": []
        }
      ]
    },
    {
      "module": "module.lambda.module.lambda_deployment",
      "mode": "data",
      "type": "aws_region",
      "name": "current",
      "provider": "provider[\"registry.terraform.io/hashicorp/aws\"]",
      "instances": [
        {
          "schema_version": 0,
          "attributes": {
            "description": "Asia Pacific (Sydney)",
            "endpoint": "ec2.ap-southeast-2.amazonaws.com",
            "id": "ap-southeast-2",
            "name": "ap-southeast-2"
          },
          "sensitive_attributes": []
        }
      ]
    },
    {
      "module": "module.lambda.module.lambda_deployment",
      "mode": "managed",
      "type": "aws_cloudwatch_log_group",
      "name": "lambda",
      "provider": "provider[\"registry.terraform.io/hashicorp/aws\"]",
      "instances": [
        {
          "index_key": 0,
          "schema_version": 0,
          "attributes": {
            "arn": "arn:aws:logs:ap-southeast-2:110597261937:log-group:/aws/lambda/ak-openai-lambda-devexamples-openai-agents",
            "id": "/aws/lambda/ak-openai-lambda-devexamples-openai-agents",
            "kms_key_id": "",
            "log_group_class": "STANDARD",
            "name": "/aws/lambda/ak-openai-lambda-devexamples-openai-agents",
            "name_prefix": "",
            "retention_in_days": 90,
            "skip_destroy": false,
            "tags": null,
            "tags_all": {}
          },
          "sensitive_attributes": [],
          "private": "bnVsbA=="
        }
      ]
    },
    {
      "module": "module.lambda.module.lambda_deployment",
      "mode": "managed",
      "type": "aws_iam_role",
      "name": "lambda",
      "provider": "provider[\"registry.terraform.io/hashicorp/aws\"]",
      "instances": [
        {
          "index_key": 0,
          "schema_version": 0,
          "attributes": {
            "arn": "arn:aws:iam::110597261937:role/ak-openai-lambda-devexamples-openai-agents-lambda-role",
            "assume_role_policy": "{\"Statement\":[{\"Action\":\"sts:AssumeRole\",\"Effect\":\"Allow\",\"Principal\":{\"Service\":\"lambda.amazonaws.com\"}}],\"Version\":\"2012-10-17\"}",
            "create_date": "2025-08-05T09:44:07Z",
            "description": "",
            "force_detach_policies": true,
            "id": "ak-openai-lambda-devexamples-openai-agents-lambda-role",
            "inline_policy": [],
            "managed_policy_arns": [],
            "max_session_duration": 3600,
            "name": "ak-openai-lambda-devexamples-openai-agents-lambda-role",
            "name_prefix": "",
            "path": "/",
            "permissions_boundary": "",
            "tags": null,
            "tags_all": {},
            "unique_id": "AROARTQA4JJY22O75PKD7"
          },
          "sensitive_attributes": [],
          "private": "bnVsbA==",
          "dependencies": [
            "module.lambda.module.lambda_deployment.data.aws_iam_policy_document.assume_role"
          ]
        }
      ]
    },
    {
      "module": "module.lambda.module.lambda_deployment",
      "mode": "managed",
      "type": "aws_lambda_function",
      "name": "this",
      "provider": "provider[\"registry.terraform.io/hashicorp/aws\"]",
      "instances": [
        {
          "index_key": 0,
          "schema_version": 0,
          "attributes": {
            "architectures": [
              "x86_64"
            ],
            "arn": "arn:aws:lambda:ap-southeast-2:110597261937:function:ak-openai-lambda-devexamples-openai-agents",
            "code_sha256": "TUBKMmJXgjU8R5ivvqQ2K08lnm0dstLWeCEEb1bU/QE=",
            "code_signing_config_arn": "",
            "dead_letter_config": [],
            "description": "Agent Kernel OpenAI Sample Lambda",
            "environment": [],
            "ephemeral_storage": [
              {
                "size": 512
              }
            ],
            "file_system_config": [],
            "filename": "../dist.zip",
            "function_name": "ak-openai-lambda-devexamples-openai-agents",
            "handler": "lambda.handler",
            "id": "ak-openai-lambda-devexamples-openai-agents",
            "image_config": [],
            "image_uri": "",
            "invoke_arn": "arn:aws:apigateway:ap-southeast-2:lambda:path/2015-03-31/functions/arn:aws:lambda:ap-southeast-2:110597261937:function:ak-openai-lambda-devexamples-openai-agents/invocations",
            "kms_key_arn": "",
            "last_modified": "2025-08-05T09:44:21.492+0000",
            "layers": [],
            "logging_config": [
              {
                "application_log_level": "",
                "log_format": "Text",
                "log_group": "/aws/lambda/ak-openai-lambda-devexamples-openai-agents",
                "system_log_level": ""
              }
            ],
            "memory_size": 128,
            "package_type": "Zip",
            "publish": false,
            "qualified_arn": "arn:aws:lambda:ap-southeast-2:110597261937:function:ak-openai-lambda-devexamples-openai-agents:$LATEST",
            "qualified_invoke_arn": "arn:aws:apigateway:ap-southeast-2:lambda:path/2015-03-31/functions/arn:aws:lambda:ap-southeast-2:110597261937:function:ak-openai-lambda-devexamples-openai-agents:$LATEST/invocations",
            "replace_security_groups_on_destroy": null,
            "replacement_security_group_ids": null,
            "reserved_concurrent_executions": -1,
            "role": "arn:aws:iam::110597261937:role/ak-openai-lambda-devexamples-openai-agents-lambda-role",
            "runtime": "python3.12",
            "s3_bucket": null,
            "s3_key": null,
            "s3_object_version": null,
            "signing_job_arn": "",
            "signing_profile_version_arn": "",
            "skip_destroy": false,
            "snap_start": [],
            "source_code_hash": "TUBKMmJXgjU8R5ivvqQ2K08lnm0dstLWeCEEb1bU/QE=",
            "source_code_size": 6205549,
            "tags": {
              "terraform-aws-modules": "lambda"
            },
            "tags_all": {
              "terraform-aws-modules": "lambda"
            },
            "timeout": 30,
            "timeouts": null,
            "tracing_config": [
              {
                "mode": "PassThrough"
              }
            ],
            "version": "$LATEST",
            "vpc_config": []
          },
          "sensitive_attributes": [],
          "private": "eyJlMmJmYjczMC1lY2FhLTExZTYtOGY4OC0zNDM2M2JjN2M0YzAiOnsiY3JlYXRlIjo2MDAwMDAwMDAwMDAsImRlbGV0ZSI6NjAwMDAwMDAwMDAwLCJ1cGRhdGUiOjYwMDAwMDAwMDAwMH19",
          "dependencies": [
            "module.lambda.aws_signer_signing_job.handler_lambda_signing_job",
            "module.lambda.data.aws_caller_identity.current",
            "module.lambda.data.aws_s3_object.signed_component_code",
            "module.lambda.data.aws_s3_object.source_code",
            "module.lambda.module.lambda_deployment.aws_cloudwatch_log_group.lambda",
            "module.lambda.module.lambda_deployment.aws_iam_role.lambda",
            "module.lambda.module.lambda_deployment.aws_iam_role_policy.additional_inline",
            "module.lambda.module.lambda_deployment.aws_iam_role_policy.additional_json",
            "module.lambda.module.lambda_deployment.aws_iam_role_policy.additional_jsons",
            "module.lambda.module.lambda_deployment.aws_iam_role_policy.async",
            "module.lambda.module.lambda_deployment.aws_iam_role_policy.dead_letter",
            "module.lambda.module.lambda_deployment.aws_iam_role_policy.logs",
            "module.lambda.module.lambda_deployment.aws_iam_role_policy.tracing",
            "module.lambda.module.lambda_deployment.aws_iam_role_policy.vpc",
            "module.lambda.module.lambda_deployment.aws_iam_role_policy_attachment.additional_many",
            "module.lambda.module.lambda_deployment.aws_iam_role_policy_attachment.additional_one",
            "module.lambda.module.lambda_deployment.aws_s3_object.lambda_package",
            "module.lambda.module.lambda_deployment.data.aws_arn.log_group_arn",
            "module.lambda.module.lambda_deployment.data.aws_cloudwatch_log_group.lambda",
            "module.lambda.module.lambda_deployment.data.aws_iam_policy.tracing",
            "module.lambda.module.lambda_deployment.data.aws_iam_policy.vpc",
            "module.lambda.module.lambda_deployment.data.aws_iam_policy_document.additional_inline",
            "module.lambda.module.lambda_deployment.data.aws_iam_policy_document.assume_role",
            "module.lambda.module.lambda_deployment.data.aws_iam_policy_document.async",
            "module.lambda.module.lambda_deployment.data.aws_iam_policy_document.dead_letter",
            "module.lambda.module.lambda_deployment.data.aws_iam_policy_document.logs",
            "module.lambda.module.lambda_deployment.data.aws_partition.current",
            "module.lambda.module.lambda_deployment.data.external.archive_prepare",
            "module.lambda.module.lambda_deployment.local_file.archive_plan",
            "module.lambda.module.lambda_deployment.null_resource.archive"
          ]
        }
      ]
    }
  ],
  "check_results": null
}
